{
  "name": "se.egelberg.socket-io",
  "version": "1.0.0",
  "lockfileVersion": 1,
  "requires": true,
  "dependencies": {
    "@socket.io/base64-arraybuffer": {
      "version": "1.0.2",
      "resolved": "https://registry.npmjs.org/@socket.io/base64-arraybuffer/-/base64-arraybuffer-1.0.2.tgz",
      "integrity": "sha512-dOlCBKnDw4iShaIsH/bxujKTM18+2TOAsYz+KSc11Am38H4q5Xw8Bbz97ZYdrVNM+um3p7w86Bvvmcn9q+5+eQ=="
    },
    "@socket.io/component-emitter": {
      "version": "3.0.0",
      "resolved": "https://registry.npmjs.org/@socket.io/component-emitter/-/component-emitter-3.0.0.tgz",
      "integrity": "sha512-2pTGuibAXJswAPJjaKisthqS/NOK5ypG4LYT6tEAV0S/mxW0zOIvYvGK0V8w8+SHxAm6vRMSjqSalFXeBAqs+Q=="
    },
    "@tsconfig/node12": {
      "version": "1.0.9",
      "resolved": "https://registry.npmjs.org/@tsconfig/node12/-/node12-1.0.9.tgz",
      "integrity": "sha512-/yBMcem+fbvhSREH+s14YJi18sp7J9jpuhYByADT2rypfajMZZN4WQ6zBGgBKp53NKmqI36wFYDb3yaMPurITw==",
      "dev": true
    },
    "@types/component-emitter": {
      "version": "1.2.11",
      "resolved": "https://registry.npmjs.org/@types/component-emitter/-/component-emitter-1.2.11.tgz",
      "integrity": "sha512-SRXjM+tfsSlA9VuG8hGO2nft2p8zjXCK1VcC6N4NXbBbYbSia9kzCChYQajIjzIqOOOuh5Ock6MmV2oux4jDZQ=="
    },
    "@types/cookie": {
      "version": "0.4.1",
      "resolved": "https://registry.npmjs.org/@types/cookie/-/cookie-0.4.1.tgz",
      "integrity": "sha512-XW/Aa8APYr6jSVVA1y/DEIZX0/GMKLEVekNG727R8cs56ahETkRAy/3DR7+fJyh7oUgGwNQaRfXCun0+KbWY7Q=="
    },
    "@types/cors": {
      "version": "2.8.12",
      "resolved": "https://registry.npmjs.org/@types/cors/-/cors-2.8.12.tgz",
      "integrity": "sha512-vt+kDhq/M2ayberEtJcIN/hxXy1Pk+59g2FV/ZQceeaTyCtCucjL2Q7FXlFjtWn4n15KCr1NE2lNNFhp0lEThw=="
    },
    "@types/homey": {
      "version": "npm:homey-apps-sdk-v3-types@0.3.1",
      "resolved": "https://registry.npmjs.org/homey-apps-sdk-v3-types/-/homey-apps-sdk-v3-types-0.3.1.tgz",
      "integrity": "sha512-4W4YW/ib4hK7zC6vQT1ryfySJ2GOuite7cKmYRZ4BuGgwYweIOMwZLTJ+iZBWy11Ni/Pl3Tnp/pQD+qJJCcdyg==",
      "dev": true,
      "requires": {
        "@types/node": "^14.14.20"
      },
      "dependencies": {
        "@types/node": {
          "version": "14.18.13",
          "resolved": "https://registry.npmjs.org/@types/node/-/node-14.18.13.tgz",
          "integrity": "sha512-Z6/KzgyWOga3pJNS42A+zayjhPbf2zM3hegRQaOPnLOzEi86VV++6FLDWgR1LGrVCRufP/ph2daa3tEa5br1zA==",
          "dev": true
        }
      }
    },
    "@types/node": {
      "version": "17.0.24",
      "resolved": "https://registry.npmjs.org/@types/node/-/node-17.0.24.tgz",
      "integrity": "sha512-aveCYRQbgTH9Pssp1voEP7HiuWlD2jW2BO56w+bVrJn04i61yh6mRfoKO6hEYQD9vF+W8Chkwc6j1M36uPkx4g=="
    },
    "accepts": {
      "version": "1.3.8",
      "resolved": "https://registry.npmjs.org/accepts/-/accepts-1.3.8.tgz",
      "integrity": "sha512-PYAthTa2m2VKxuvSD3DPC/Gy+U+sOA1LAuT8mkmRuvw+NACSaeXEQ+NHcVF7rONl6qcaxV3Uuemwawk+7+SJLw==",
      "requires": {
        "mime-types": "~2.1.34",
        "negotiator": "0.6.3"
      }
    },
    "after": {
      "version": "0.8.2",
      "resolved": "https://registry.npmjs.org/after/-/after-0.8.2.tgz",
      "integrity": "sha1-/ts5T58OAqqXaOcCvaI7UF+ufh8="
    },
    "arraybuffer.slice": {
      "version": "0.0.6",
      "resolved": "https://registry.npmjs.org/arraybuffer.slice/-/arraybuffer.slice-0.0.6.tgz",
      "integrity": "sha1-8zshWfBTKj8xB6JywMz70a0peco="
    },
    "athom-api": {
      "version": "3.7.3",
      "resolved": "https://registry.npmjs.org/athom-api/-/athom-api-3.7.3.tgz",
      "integrity": "sha512-dgKtDsmPrZuvzpTIk4P71KNN43SHg+zoH+CEbA9GqT90ya2tWGAuWqsWUzDmraclhUU86NQbi6JirbUKFN13ZQ=="
    },
    "backo2": {
      "version": "1.0.2",
      "resolved": "https://registry.npmjs.org/backo2/-/backo2-1.0.2.tgz",
      "integrity": "sha1-MasayLEpNjRj41s+u2n038+6eUc="
    },
    "base64-arraybuffer": {
      "version": "0.1.5",
      "resolved": "https://registry.npmjs.org/base64-arraybuffer/-/base64-arraybuffer-0.1.5.tgz",
      "integrity": "sha1-c5JncZI7Whl0etZmqlzUv5xunOg="
    },
    "base64id": {
      "version": "2.0.0",
      "resolved": "https://registry.npmjs.org/base64id/-/base64id-2.0.0.tgz",
      "integrity": "sha512-lGe34o6EHj9y3Kts9R4ZYs/Gr+6N7MCaMlIFA3F1R2O5/m7K06AxfSeO5530PEERE6/WyEg3lsuyw4GHlPZHog=="
    },
    "better-assert": {
      "version": "1.0.2",
      "resolved": "https://registry.npmjs.org/better-assert/-/better-assert-1.0.2.tgz",
      "integrity": "sha1-QIZrnhueC1W0gYlDEeaPr/rrxSI=",
      "requires": {
        "callsite": "1.0.0"
      }
    },
    "blob": {
      "version": "0.0.4",
      "resolved": "https://registry.npmjs.org/blob/-/blob-0.0.4.tgz",
      "integrity": "sha1-vPEwUspURj8w+fx+lbmkdjCpSSE="
    },
    "callsite": {
      "version": "1.0.0",
      "resolved": "https://registry.npmjs.org/callsite/-/callsite-1.0.0.tgz",
      "integrity": "sha1-KAOY5dZkvXQDi28JBRU+borxvCA="
    },
    "component-bind": {
      "version": "1.0.0",
      "resolved": "https://registry.npmjs.org/component-bind/-/component-bind-1.0.0.tgz",
      "integrity": "sha1-AMYIq33Nk4l8AAllGx06jh5zu9E="
    },
    "component-emitter": {
      "version": "1.3.0",
      "resolved": "https://registry.npmjs.org/component-emitter/-/component-emitter-1.3.0.tgz",
      "integrity": "sha512-Rd3se6QB+sO1TwqZjscQrurpEPIfO0/yYnSin6Q/rD3mOutHvUrCAhJub3r90uNb+SESBuE0QYoB90YdfatsRg=="
    },
    "component-inherit": {
      "version": "0.0.3",
      "resolved": "https://registry.npmjs.org/component-inherit/-/component-inherit-0.0.3.tgz",
      "integrity": "sha1-ZF/ErfWLcrZJ1crmUTVhnbJv8UM="
    },
    "cookie": {
      "version": "0.4.2",
      "resolved": "https://registry.npmjs.org/cookie/-/cookie-0.4.2.tgz",
      "integrity": "sha512-aSWTXFzaKWkvHO1Ny/s+ePFpvKsPnjc551iI41v3ny/ow6tBG5Vd+FuqGNhh1LxOmVzOlGUriIlOaokOvhaStA=="
    },
    "core-js": {
      "version": "3.22.1",
      "resolved": "https://registry.npmjs.org/core-js/-/core-js-3.22.1.tgz",
      "integrity": "sha512-l6CwCLq7XgITOQGhv1dIUmwCFoqFjyQ6zQHUCQlS0xKmb9d6OHIg8jDiEoswhaettT21BSF5qKr6kbvE+aKwxw=="
    },
    "cors": {
      "version": "2.8.5",
      "resolved": "https://registry.npmjs.org/cors/-/cors-2.8.5.tgz",
      "integrity": "sha512-KIHbLJqu73RGr/hnbrO9uBeixNGuvSQjul/jdFvS/KFSIH1hWVd1ng7zOHx+YrEfInLG7q4n6GHQ9cDtxv/P6g==",
      "requires": {
        "object-assign": "^4",
        "vary": "^1"
      }
    },
    "debug": {
      "version": "4.3.4",
      "resolved": "https://registry.npmjs.org/debug/-/debug-4.3.4.tgz",
      "integrity": "sha512-PRWFHuSU3eDtQJPvnNY7Jcket1j0t5OuOsFzPPzsekD52Zl8qUfFIPEiswXqIvHWGVHOgX+7G/vCNNhehwxfkQ==",
      "requires": {
        "ms": "2.1.2"
      }
    },
    "engine.io": {
      "version": "6.1.3",
      "resolved": "https://registry.npmjs.org/engine.io/-/engine.io-6.1.3.tgz",
      "integrity": "sha512-rqs60YwkvWTLLnfazqgZqLa/aKo+9cueVfEi/dZ8PyGyaf8TLOxj++4QMIgeG3Gn0AhrWiFXvghsoY9L9h25GA==",
      "requires": {
        "@types/cookie": "^0.4.1",
        "@types/cors": "^2.8.12",
        "@types/node": ">=10.0.0",
        "accepts": "~1.3.4",
        "base64id": "2.0.0",
        "cookie": "~0.4.1",
        "cors": "~2.8.5",
        "debug": "~4.3.1",
        "engine.io-parser": "~5.0.3",
        "ws": "~8.2.3"
      }
    },
    "engine.io-client": {
      "version": "6.1.1",
      "resolved": "https://registry.npmjs.org/engine.io-client/-/engine.io-client-6.1.1.tgz",
      "integrity": "sha512-V05mmDo4gjimYW+FGujoGmmmxRaDsrVr7AXA3ZIfa04MWM1jOfZfUwou0oNqhNwy/votUDvGDt4JA4QF4e0b4g==",
      "requires": {
        "@socket.io/component-emitter": "~3.0.0",
        "debug": "~4.3.1",
        "engine.io-parser": "~5.0.0",
        "has-cors": "1.1.0",
        "parseqs": "0.0.6",
        "parseuri": "0.0.6",
        "ws": "~8.2.3",
        "xmlhttprequest-ssl": "~2.0.0",
        "yeast": "0.1.2"
      }
    },
    "engine.io-parser": {
      "version": "5.0.3",
      "resolved": "https://registry.npmjs.org/engine.io-parser/-/engine.io-parser-5.0.3.tgz",
      "integrity": "sha512-BtQxwF27XUNnSafQLvDi0dQ8s3i6VgzSoQMJacpIcGNrlUdfHSKbgm3jmjCVvQluGzqwujQMPAoMai3oYSTurg==",
      "requires": {
        "@socket.io/base64-arraybuffer": "~1.0.2"
      }
    },
    "has-binary": {
      "version": "0.1.7",
      "resolved": "https://registry.npmjs.org/has-binary/-/has-binary-0.1.7.tgz",
      "integrity": "sha1-aOYesWIQyVRaClzOBqhzkS/h5ow=",
      "requires": {
        "isarray": "0.0.1"
      }
    },
    "has-cors": {
      "version": "1.1.0",
      "resolved": "https://registry.npmjs.org/has-cors/-/has-cors-1.1.0.tgz",
      "integrity": "sha1-XkdHk/fqmEPRu5nCPu9J/xJv/zk="
    },
    "homey-api": {
      "version": "1.5.26",
      "resolved": "https://registry.npmjs.org/homey-api/-/homey-api-1.5.26.tgz",
      "integrity": "sha512-yiBYYAHx26vnm5ewzQWeo/JJQ7xCeXuTs0Q0HzE33pRXhCHoTZ0+zEhXwb0vZoFaPLswXa15wd6vbjpwS8hvdQ==",
      "requires": {
        "core-js": "^3.19.1",
        "node-fetch": "^2.6.7",
        "regenerator-runtime": "^0.13.9",
        "socket.io-client": "^1.7.4"
      },
      "dependencies": {
        "component-emitter": {
          "version": "1.2.1",
          "resolved": "https://registry.npmjs.org/component-emitter/-/component-emitter-1.2.1.tgz",
          "integrity": "sha1-E3kY1teCg/ffemt8WmPhQOaUJeY="
        },
        "debug": {
          "version": "2.3.3",
          "resolved": "https://registry.npmjs.org/debug/-/debug-2.3.3.tgz",
          "integrity": "sha1-QMRT5n5uE8kB3ewxeviYbNqe/4w=",
          "requires": {
            "ms": "0.7.2"
          }
        },
        "engine.io-client": {
          "version": "1.8.6",
          "resolved": "https://registry.npmjs.org/engine.io-client/-/engine.io-client-1.8.6.tgz",
          "integrity": "sha512-6+rInQu8xU7c0fIF6RC4SRKuHVWPt8Xq0bZYS4lMrTwmhRineOlEMsU3X0zS5mHIvCgJsmpOKEX7DhihGk7j0g==",
          "requires": {
            "component-emitter": "1.2.1",
            "component-inherit": "0.0.3",
            "debug": "2.3.3",
            "engine.io-parser": "1.3.2",
            "has-cors": "1.1.0",
            "indexof": "0.0.1",
            "parsejson": "0.0.3",
            "parseqs": "0.0.5",
            "parseuri": "0.0.5",
            "ws": "~1.1.5",
            "xmlhttprequest-ssl": "1.6.3",
            "yeast": "0.1.2"
          }
        },
        "engine.io-parser": {
          "version": "1.3.2",
          "resolved": "https://registry.npmjs.org/engine.io-parser/-/engine.io-parser-1.3.2.tgz",
          "integrity": "sha1-k3sHnwAH0Ik+xW1GyyILjLQ1Igo=",
          "requires": {
            "after": "0.8.2",
            "arraybuffer.slice": "0.0.6",
            "base64-arraybuffer": "0.1.5",
            "blob": "0.0.4",
            "has-binary": "0.1.7",
            "wtf-8": "1.0.0"
          }
        },
        "ms": {
          "version": "0.7.2",
          "resolved": "https://registry.npmjs.org/ms/-/ms-0.7.2.tgz",
          "integrity": "sha1-riXPJRKziFodldfwN4aNhDESR2U="
        },
        "parseqs": {
          "version": "0.0.5",
          "resolved": "https://registry.npmjs.org/parseqs/-/parseqs-0.0.5.tgz",
          "integrity": "sha1-1SCKNzjkZ2bikbouoXNoSSGouJ0=",
          "requires": {
            "better-assert": "~1.0.0"
          }
        },
        "parseuri": {
          "version": "0.0.5",
          "resolved": "https://registry.npmjs.org/parseuri/-/parseuri-0.0.5.tgz",
          "integrity": "sha1-gCBKUNTbt3m/3G6+J3jZDkvOMgo=",
          "requires": {
            "better-assert": "~1.0.0"
          }
        },
        "socket.io-client": {
          "version": "1.7.4",
          "resolved": "https://registry.npmjs.org/socket.io-client/-/socket.io-client-1.7.4.tgz",
          "integrity": "sha1-7J+CA1btme9tNX8HVtZIcXvdQoE=",
          "requires": {
            "backo2": "1.0.2",
            "component-bind": "1.0.0",
            "component-emitter": "1.2.1",
            "debug": "2.3.3",
            "engine.io-client": "~1.8.4",
            "has-binary": "0.1.7",
            "indexof": "0.0.1",
            "object-component": "0.0.3",
            "parseuri": "0.0.5",
            "socket.io-parser": "2.3.1",
            "to-array": "0.1.4"
          }
        },
        "socket.io-parser": {
          "version": "2.3.1",
          "resolved": "https://registry.npmjs.org/socket.io-parser/-/socket.io-parser-2.3.1.tgz",
          "integrity": "sha1-3VMgJRA85Clpcya+/WQAX8/ltKA=",
          "requires": {
            "component-emitter": "1.1.2",
            "debug": "2.2.0",
            "isarray": "0.0.1",
            "json3": "3.3.2"
          },
          "dependencies": {
            "component-emitter": {
              "version": "1.1.2",
              "resolved": "https://registry.npmjs.org/component-emitter/-/component-emitter-1.1.2.tgz",
              "integrity": "sha1-KWWU8nU9qmOZbSrwjRWpURbJrsM="
            },
            "debug": {
              "version": "2.2.0",
              "resolved": "https://registry.npmjs.org/debug/-/debug-2.2.0.tgz",
              "integrity": "sha1-+HBX6ZWxofauaklgZkE3vFbwOdo=",
              "requires": {
                "ms": "0.7.1"
              }
            },
            "ms": {
              "version": "0.7.1",
              "resolved": "https://registry.npmjs.org/ms/-/ms-0.7.1.tgz",
              "integrity": "sha1-nNE8A62/8ltl7/3nzoZO6VIBcJg="
            }
          }
        },
        "ws": {
          "version": "1.1.5",
          "resolved": "https://registry.npmjs.org/ws/-/ws-1.1.5.tgz",
          "integrity": "sha512-o3KqipXNUdS7wpQzBHSe180lBGO60SoK0yVo3CYJgb2MkobuWuBX6dhkYP5ORCLd55y+SaflMOV5fqAB53ux4w==",
          "requires": {
            "options": ">=0.0.5",
            "ultron": "1.0.x"
          }
        },
        "xmlhttprequest-ssl": {
          "version": "1.6.3",
          "resolved": "https://registry.npmjs.org/xmlhttprequest-ssl/-/xmlhttprequest-ssl-1.6.3.tgz",
          "integrity": "sha512-3XfeQE/wNkvrIktn2Kf0869fC0BN6UpydVasGIeSm2B1Llihf7/0UfZM+eCkOw3P7bP4+qPgqhm7ZoxuJtFU0Q=="
        }
      }
    },
    "indexof": {
      "version": "0.0.1",
      "resolved": "https://registry.npmjs.org/indexof/-/indexof-0.0.1.tgz",
      "integrity": "sha1-gtwzbSMrkGIXnQWrMpOmYFn9Q10="
    },
    "isarray": {
      "version": "0.0.1",
      "resolved": "https://registry.npmjs.org/isarray/-/isarray-0.0.1.tgz",
      "integrity": "sha1-ihis/Kmo9Bd+Cav8YDiTmwXR7t8="
    },
    "json3": {
      "version": "3.3.2",
      "resolved": "https://registry.npmjs.org/json3/-/json3-3.3.2.tgz",
      "integrity": "sha1-PAQ0dD35Pi9cQq7nsZvLSDV19OE="
    },
    "mime-db": {
      "version": "1.52.0",
      "resolved": "https://registry.npmjs.org/mime-db/-/mime-db-1.52.0.tgz",
      "integrity": "sha512-sPU4uV7dYlvtWJxwwxHD0PuihVNiE7TyAbQ5SWxDCB9mUYvOgroQOwYQQOKPJ8CIbE+1ETVlOoK1UC2nU3gYvg=="
    },
    "mime-types": {
      "version": "2.1.35",
      "resolved": "https://registry.npmjs.org/mime-types/-/mime-types-2.1.35.tgz",
      "integrity": "sha512-ZDY+bPm5zTTF+YpCrAU9nK0UgICYPT0QtT1NZWFv4s++TNkcgVaT0g6+4R2uI4MjQjzysHB1zxuWL50hzaeXiw==",
      "requires": {
        "mime-db": "1.52.0"
      }
    },
    "ms": {
      "version": "2.1.2",
      "resolved": "https://registry.npmjs.org/ms/-/ms-2.1.2.tgz",
      "integrity": "sha512-sGkPx+VjMtmA6MX27oA4FBFELFCZZ4S4XqeGOXCv68tT+jb3vk/RyaKWP0PTKyWtmLSM0b+adUTEvbs1PEaH2w=="
    },
    "negotiator": {
      "version": "0.6.3",
      "resolved": "https://registry.npmjs.org/negotiator/-/negotiator-0.6.3.tgz",
      "integrity": "sha512-+EUsqGPLsM+j/zdChZjsnX51g4XrHFOIXwfnCVPGlQk/k5giakcKsuxCObBRu6DSm9opw/O6slWbJdghQM4bBg=="
    },
    "node-fetch": {
      "version": "2.6.7",
      "resolved": "https://registry.npmjs.org/node-fetch/-/node-fetch-2.6.7.tgz",
      "integrity": "sha512-ZjMPFEfVx5j+y2yF35Kzx5sF7kDzxuDj6ziH4FFbOp87zKDZNx8yExJIb05OGF4Nlt9IHFIMBkRl41VdvcNdbQ==",
      "requires": {
        "whatwg-url": "^5.0.0"
      }
    },
    "object-assign": {
      "version": "4.1.1",
      "resolved": "https://registry.npmjs.org/object-assign/-/object-assign-4.1.1.tgz",
      "integrity": "sha1-IQmtx5ZYh8/AXLvUQsrIv7s2CGM="
    },
    "object-component": {
      "version": "0.0.3",
      "resolved": "https://registry.npmjs.org/object-component/-/object-component-0.0.3.tgz",
      "integrity": "sha1-8MaapQ78lbhmwYb0AKM3acsvEpE="
    },
    "options": {
      "version": "0.0.6",
      "resolved": "https://registry.npmjs.org/options/-/options-0.0.6.tgz",
      "integrity": "sha1-7CLTEoBrtT5zF3Pnza788cZDEo8="
    },
    "parsejson": {
      "version": "0.0.3",
      "resolved": "https://registry.npmjs.org/parsejson/-/parsejson-0.0.3.tgz",
      "integrity": "sha1-q343WfIJ7OmUN5c/fQ8fZK4OZKs=",
      "requires": {
        "better-assert": "~1.0.0"
      }
    },
    "parseqs": {
      "version": "0.0.6",
      "resolved": "https://registry.npmjs.org/parseqs/-/parseqs-0.0.6.tgz",
      "integrity": "sha512-jeAGzMDbfSHHA091hr0r31eYfTig+29g3GKKE/PPbEQ65X0lmMwlEoqmhzu0iztID5uJpZsFlUPDP8ThPL7M8w=="
    },
    "parseuri": {
      "version": "0.0.6",
      "resolved": "https://registry.npmjs.org/parseuri/-/parseuri-0.0.6.tgz",
      "integrity": "sha512-AUjen8sAkGgao7UyCX6Ahv0gIK2fABKmYjvP4xmy5JaKvcbTRueIqIPHLAfq30xJddqSE033IOMUSOMCcK3Sow=="
    },
    "regenerator-runtime": {
      "version": "0.13.9",
      "resolved": "https://registry.npmjs.org/regenerator-runtime/-/regenerator-runtime-0.13.9.tgz",
      "integrity": "sha512-p3VT+cOEgxFsRRA9X4lkI1E+k2/CtnKtU4gcxyaCUreilL/vqI6CdZ3wxVUx3UOUg+gnUOQQcRI7BmSI656MYA=="
    },
    "socket.io": {
      "version": "4.4.1",
      "resolved": "https://registry.npmjs.org/socket.io/-/socket.io-4.4.1.tgz",
      "integrity": "sha512-s04vrBswdQBUmuWJuuNTmXUVJhP0cVky8bBDhdkf8y0Ptsu7fKU2LuLbts9g+pdmAdyMMn8F/9Mf1/wbtUN0fg==",
      "requires": {
        "accepts": "~1.3.4",
        "base64id": "~2.0.0",
        "debug": "~4.3.2",
        "engine.io": "~6.1.0",
        "socket.io-adapter": "~2.3.3",
        "socket.io-parser": "~4.0.4"
      }
    },
    "socket.io-adapter": {
      "version": "2.3.3",
      "resolved": "https://registry.npmjs.org/socket.io-adapter/-/socket.io-adapter-2.3.3.tgz",
      "integrity": "sha512-Qd/iwn3VskrpNO60BeRyCyr8ZWw9CPZyitW4AQwmRZ8zCiyDiL+znRnWX6tDHXnWn1sJrM1+b6Mn6wEDJJ4aYQ=="
    },
    "socket.io-client": {
      "version": "4.4.1",
      "resolved": "https://registry.npmjs.org/socket.io-client/-/socket.io-client-4.4.1.tgz",
      "integrity": "sha512-N5C/L5fLNha5Ojd7Yeb/puKcPWWcoB/A09fEjjNsg91EDVr5twk/OEyO6VT9dlLSUNY85NpW6KBhVMvaLKQ3vQ==",
      "requires": {
        "@socket.io/component-emitter": "~3.0.0",
        "backo2": "~1.0.2",
        "debug": "~4.3.2",
        "engine.io-client": "~6.1.1",
        "parseuri": "0.0.6",
        "socket.io-parser": "~4.1.1"
      },
      "dependencies": {
        "socket.io-parser": {
          "version": "4.1.2",
          "resolved": "https://registry.npmjs.org/socket.io-parser/-/socket.io-parser-4.1.2.tgz",
          "integrity": "sha512-j3kk71QLJuyQ/hh5F/L2t1goqzdTL0gvDzuhTuNSwihfuFUrcSji0qFZmJJPtG6Rmug153eOPsUizeirf1IIog==",
          "requires": {
            "@socket.io/component-emitter": "~3.0.0",
            "debug": "~4.3.1"
          }
        }
      }
    },
    "socket.io-parser": {
      "version": "4.0.4",
      "resolved": "https://registry.npmjs.org/socket.io-parser/-/socket.io-parser-4.0.4.tgz",
      "integrity": "sha512-t+b0SS+IxG7Rxzda2EVvyBZbvFPBCjJoyHuE0P//7OAsN23GItzDRdWa6ALxZI/8R5ygK7jAR6t028/z+7295g==",
      "requires": {
        "@types/component-emitter": "^1.2.10",
        "component-emitter": "~1.3.0",
        "debug": "~4.3.1"
      }
    },
    "to-array": {
      "version": "0.1.4",
      "resolved": "https://registry.npmjs.org/to-array/-/to-array-0.1.4.tgz",
      "integrity": "sha1-F+bBH3PdTz10zaek/zI46a2b+JA="
    },
    "tr46": {
      "version": "0.0.3",
      "resolved": "https://registry.npmjs.org/tr46/-/tr46-0.0.3.tgz",
      "integrity": "sha1-gYT9NH2snNwYWZLzpmIuFLnZq2o="
    },
    "ultron": {
      "version": "1.0.2",
      "resolved": "https://registry.npmjs.org/ultron/-/ultron-1.0.2.tgz",
      "integrity": "sha1-rOEWq1V80Zc4ak6I9GhTeMiy5Po="
    },
    "vary": {
      "version": "1.1.2",
      "resolved": "https://registry.npmjs.org/vary/-/vary-1.1.2.tgz",
      "integrity": "sha1-IpnwLG3tMNSllhsLn3RSShj2NPw="
    },
    "webidl-conversions": {
      "version": "3.0.1",
      "resolved": "https://registry.npmjs.org/webidl-conversions/-/webidl-conversions-3.0.1.tgz",
      "integrity": "sha1-JFNCdeKnvGvnvIZhHMFq4KVlSHE="
    },
    "whatwg-url": {
      "version": "5.0.0",
      "resolved": "https://registry.npmjs.org/whatwg-url/-/whatwg-url-5.0.0.tgz",
      "integrity": "sha1-lmRU6HZUYuN2RNNib2dCzotwll0=",
      "requires": {
        "tr46": "~0.0.3",
        "webidl-conversions": "^3.0.0"
      }
    },
    "ws": {
      "version": "8.2.3",
      "resolved": "https://registry.npmjs.org/ws/-/ws-8.2.3.tgz",
      "integrity": "sha512-wBuoj1BDpC6ZQ1B7DWQBYVLphPWkm8i9Y0/3YdHjHKHiohOJ1ws+3OccDWtH+PoC9DZD5WOTrJvNbWvjS6JWaA=="
    },
    "wtf-8": {
      "version": "1.0.0",
      "resolved": "https://registry.npmjs.org/wtf-8/-/wtf-8-1.0.0.tgz",
      "integrity": "sha1-OS2LotDxw00e4tYw8V0O+2jhBIo="
    },
    "xmlhttprequest-ssl": {
      "version": "2.0.0",
      "resolved": "https://registry.npmjs.org/xmlhttprequest-ssl/-/xmlhttprequest-ssl-2.0.0.tgz",
      "integrity": "sha512-QKxVRxiRACQcVuQEYFsI1hhkrMlrXHPegbbd1yn9UHOmRxY+si12nQYzri3vbzt8VdTTRviqcKxcyllFas5z2A=="
    },
    "yeast": {
      "version": "0.1.2",
      "resolved": "https://registry.npmjs.org/yeast/-/yeast-0.1.2.tgz",
      "integrity": "sha1-AI4G2AlDIMNy28L47XagymyKxBk="
    }
  }
}
